<?xml version="1.0" encoding="utf-8"?>
<Project ToolsVersion="4.0" xmlns="http://schemas.microsoft.com/developer/msbuild/2003">
  <ItemGroup>
    <ClCompile Include="Render\Camera.cpp">
      <Filter>Render</Filter>
    </ClCompile>
    <ClCompile Include="Render\Render.cpp">
      <Filter>Render</Filter>
    </ClCompile>
    <ClCompile Include="RenderUtils.cpp" />
    <ClCompile Include="main.cpp" />
    <ClCompile Include="callbacks.cpp" />
    <ClCompile Include="Particle.cpp" />
    <ClCompile Include="Proyectile.cpp" />
    <ClCompile Include="ParticleGenerator.cpp" />
    <ClCompile Include="ParticleSystem.cpp" />
    <ClCompile Include="GravitationalForceGenerator.cpp" />
    <ClCompile Include="ForceGenerator.cpp" />
    <ClCompile Include="WindForceGenerator.cpp" />
    <ClCompile Include="TorbellinoForceGenerator.cpp" />
    <ClCompile Include="ExplosionForceGenerator.cpp" />
    <ClCompile Include="SpringForceGenerator.cpp" />
    <ClCompile Include="SolidRigid.cpp" />
    <ClCompile Include="SolidRigidSystem.cpp" />
    <ClCompile Include="SolidRigidGenerator.cpp" />
    <ClCompile Include="TorqueForceGenerator.cpp" />
  </ItemGroup>
  <ItemGroup>
    <ClInclude Include="core.hpp" />
    <ClInclude Include="Render\Camera.h">
      <Filter>Render</Filter>
    </ClInclude>
    <ClInclude Include="Render\Render.h">
      <Filter>Render</Filter>
    </ClInclude>
    <ClInclude Include="RenderUtils.hpp" />
    <ClInclude Include="callbacks.hpp" />
    <ClInclude Include="Particle.h" />
    <ClInclude Include="Proyectile.h" />
    <ClInclude Include="ParticleGenerator.h" />
    <ClInclude Include="ParticleSystem.h" />
    <ClInclude Include="GravitationalForceGenerator.h" />
    <ClInclude Include="ForceGenerator.h" />
    <ClInclude Include="WindForceGenerator.h" />
    <ClInclude Include="TorbellinoForceGenerator.h" />
    <ClInclude Include="ExplosionForceGenerator.h" />
    <ClInclude Include="SpringForceGenerator.h" />
    <ClInclude Include="TemporaryForceGenerator.h" />
    <ClInclude Include="BidirectionalSpringForceGenerator.h" />
    <ClInclude Include="FloatationForceGenerator.h" />
    <ClInclude Include="SolidRigid.h" />
    <ClInclude Include="SolidRigidSystem.h" />
    <ClInclude Include="SolidRigidGenerator.h" />
    <ClInclude Include="TorqueForceGenerator.h" />
  </ItemGroup>
  <ItemGroup>
    <Filter Include="Render">
      <UniqueIdentifier>{d04b4f9f-5a69-465e-8070-25c6d0bcd3c2}</UniqueIdentifier>
    </Filter>
  </ItemGroup>
</Project>